{
  "name": "crank-native",
  "version": "0.1.0",
  "lockfileVersion": 1,
  "requires": true,
  "dependencies": {
    "@bikeshaving/crank": {
      "version": "0.1.0",
      "resolved": "https://registry.npmjs.org/@bikeshaving/crank/-/crank-0.1.0.tgz",
      "integrity": "sha512-aEdQb/fL0PEqX0cmVQSzcHu3jwNuQbHKl5Pp7Be8ZSXQecB73WFphE/EVPZvRIgMu2pLoOPRIL7CidzI+5MiXQ=="
    }
  }
}
